
Microsoft Visual Studio Solution File, Format Version 12.00
# Visual Studio Version 16
VisualStudioVersion = 16.0.30309.148
MinimumVisualStudioVersion = 10.0.40219.1
Project("{FAE04EC0-301F-11D3-BF4B-00C04F79EFBC}") = "TrelloApp.Android", "TrelloApp\TrelloApp.Android\TrelloApp.Android.csproj", "{1ECD070B-7B07-492F-A567-0DEA30D8C4A0}"
EndProject
Project("{FAE04EC0-301F-11D3-BF4B-00C04F79EFBC}") = "TrelloApp.iOS", "TrelloApp\TrelloApp.iOS\TrelloApp.iOS.csproj", "{7E81F439-8D3E-414E-AA39-C7E9940C8196}"
EndProject
Project("{FAE04EC0-301F-11D3-BF4B-00C04F79EFBC}") = "TrelloApp", "TrelloApp\TrelloApp\TrelloApp.csproj", "{C2BFDDE1-178B-4A68-9FFA-DD9E95AEAF6B}"
EndProject
Global
	GlobalSection(SolutionConfigurationPlatforms) = preSolution
		Debug|Any CPU = Debug|Any CPU
		Debug|iPhone = Debug|iPhone
		Debug|iPhoneSimulator = Debug|iPhoneSimulator
		Release|Any CPU = Release|Any CPU
		Release|iPhone = Release|iPhone
		Release|iPhoneSimulator = Release|iPhoneSimulator
	EndGlobalSection
	GlobalSection(ProjectConfigurationPlatforms) = postSolution
		{1ECD070B-7B07-492F-A567-0DEA30D8C4A0}.Debug|Any CPU.ActiveCfg = Debug|Any CPU
		{1ECD070B-7B07-492F-A567-0DEA30D8C4A0}.Debug|Any CPU.Build.0 = Debug|Any CPU
		{1ECD070B-7B07-492F-A567-0DEA30D8C4A0}.Debug|Any CPU.Deploy.0 = Debug|Any CPU
		{1ECD070B-7B07-492F-A567-0DEA30D8C4A0}.Debug|iPhone.ActiveCfg = Debug|Any CPU
		{1ECD070B-7B07-492F-A567-0DEA30D8C4A0}.Debug|iPhone.Build.0 = Debug|Any CPU
		{1ECD070B-7B07-492F-A567-0DEA30D8C4A0}.Debug|iPhone.Deploy.0 = Debug|Any CPU
		{1ECD070B-7B07-492F-A567-0DEA30D8C4A0}.Debug|iPhoneSimulator.ActiveCfg = Debug|Any CPU
		{1ECD070B-7B07-492F-A567-0DEA30D8C4A0}.Debug|iPhoneSimulator.Build.0 = Debug|Any CPU
		{1ECD070B-7B07-492F-A567-0DEA30D8C4A0}.Debug|iPhoneSimulator.Deploy.0 = Debug|Any CPU
		{1ECD070B-7B07-492F-A567-0DEA30D8C4A0}.Release|Any CPU.ActiveCfg = Release|Any CPU
		{1ECD070B-7B07-492F-A567-0DEA30D8C4A0}.Release|Any CPU.Build.0 = Release|Any CPU
		{1ECD070B-7B07-492F-A567-0DEA30D8C4A0}.Release|Any CPU.Deploy.0 = Release|Any CPU
		{1ECD070B-7B07-492F-A567-0DEA30D8C4A0}.Release|iPhone.ActiveCfg = Release|Any CPU
		{1ECD070B-7B07-492F-A567-0DEA30D8C4A0}.Release|iPhone.Build.0 = Release|Any CPU
		{1ECD070B-7B07-492F-A567-0DEA30D8C4A0}.Release|iPhone.Deploy.0 = Release|Any CPU
		{1ECD070B-7B07-492F-A567-0DEA30D8C4A0}.Release|iPhoneSimulator.ActiveCfg = Release|Any CPU
		{1ECD070B-7B07-492F-A567-0DEA30D8C4A0}.Release|iPhoneSimulator.Build.0 = Release|Any CPU
		{1ECD070B-7B07-492F-A567-0DEA30D8C4A0}.Release|iPhoneSimulator.Deploy.0 = Release|Any CPU
		{7E81F439-8D3E-414E-AA39-C7E9940C8196}.Debug|Any CPU.ActiveCfg = Debug|iPhone
		{7E81F439-8D3E-414E-AA39-C7E9940C8196}.Debug|Any CPU.Build.0 = Debug|iPhone
		{7E81F439-8D3E-414E-AA39-C7E9940C8196}.Debug|Any CPU.Deploy.0 = Debug|iPhone
		{7E81F439-8D3E-414E-AA39-C7E9940C8196}.Debug|iPhone.ActiveCfg = Debug|iPhone
		{7E81F439-8D3E-414E-AA39-C7E9940C8196}.Debug|iPhone.Build.0 = Debug|iPhone
		{7E81F439-8D3E-414E-AA39-C7E9940C8196}.Debug|iPhone.Deploy.0 = Debug|iPhone
		{7E81F439-8D3E-414E-AA39-C7E9940C8196}.Debug|iPhoneSimulator.ActiveCfg = Debug|iPhoneSimulator
		{7E81F439-8D3E-414E-AA39-C7E9940C8196}.Debug|iPhoneSimulator.Build.0 = Debug|iPhoneSimulator
		{7E81F439-8D3E-414E-AA39-C7E9940C8196}.Debug|iPhoneSimulator.Deploy.0 = Debug|iPhoneSimulator
		{7E81F439-8D3E-414E-AA39-C7E9940C8196}.Release|Any CPU.ActiveCfg = Release|iPhone
		{7E81F439-8D3E-414E-AA39-C7E9940C8196}.Release|Any CPU.Build.0 = Release|iPhone
		{7E81F439-8D3E-414E-AA39-C7E9940C8196}.Release|Any CPU.Deploy.0 = Release|iPhone
		{7E81F439-8D3E-414E-AA39-C7E9940C8196}.Release|iPhone.ActiveCfg = Release|iPhone
		{7E81F439-8D3E-414E-AA39-C7E9940C8196}.Release|iPhone.Build.0 = Release|iPhone
		{7E81F439-8D3E-414E-AA39-C7E9940C8196}.Release|iPhone.Deploy.0 = Release|iPhone
		{7E81F439-8D3E-414E-AA39-C7E9940C8196}.Release|iPhoneSimulator.ActiveCfg = Release|iPhoneSimulator
		{7E81F439-8D3E-414E-AA39-C7E9940C8196}.Release|iPhoneSimulator.Build.0 = Release|iPhoneSimulator
		{7E81F439-8D3E-414E-AA39-C7E9940C8196}.Release|iPhoneSimulator.Deploy.0 = Release|iPhoneSimulator
		{C2BFDDE1-178B-4A68-9FFA-DD9E95AEAF6B}.Debug|Any CPU.ActiveCfg = Debug|Any CPU
		{C2BFDDE1-178B-4A68-9FFA-DD9E95AEAF6B}.Debug|Any CPU.Build.0 = Debug|Any CPU
		{C2BFDDE1-178B-4A68-9FFA-DD9E95AEAF6B}.Debug|Any CPU.Deploy.0 = Debug|Any CPU
		{C2BFDDE1-178B-4A68-9FFA-DD9E95AEAF6B}.Debug|iPhone.ActiveCfg = Debug|Any CPU
		{C2BFDDE1-178B-4A68-9FFA-DD9E95AEAF6B}.Debug|iPhone.Build.0 = Debug|Any CPU
		{C2BFDDE1-178B-4A68-9FFA-DD9E95AEAF6B}.Debug|iPhone.Deploy.0 = Debug|Any CPU
		{C2BFDDE1-178B-4A68-9FFA-DD9E95AEAF6B}.Debug|iPhoneSimulator.ActiveCfg = Debug|Any CPU
		{C2BFDDE1-178B-4A68-9FFA-DD9E95AEAF6B}.Debug|iPhoneSimulator.Build.0 = Debug|Any CPU
		{C2BFDDE1-178B-4A68-9FFA-DD9E95AEAF6B}.Debug|iPhoneSimulator.Deploy.0 = Debug|Any CPU
		{C2BFDDE1-178B-4A68-9FFA-DD9E95AEAF6B}.Release|Any CPU.ActiveCfg = Release|Any CPU
		{C2BFDDE1-178B-4A68-9FFA-DD9E95AEAF6B}.Release|Any CPU.Build.0 = Release|Any CPU
		{C2BFDDE1-178B-4A68-9FFA-DD9E95AEAF6B}.Release|Any CPU.Deploy.0 = Release|Any CPU
		{C2BFDDE1-178B-4A68-9FFA-DD9E95AEAF6B}.Release|iPhone.ActiveCfg = Release|Any CPU
		{C2BFDDE1-178B-4A68-9FFA-DD9E95AEAF6B}.Release|iPhone.Build.0 = Release|Any CPU
		{C2BFDDE1-178B-4A68-9FFA-DD9E95AEAF6B}.Release|iPhone.Deploy.0 = Release|Any CPU
		{C2BFDDE1-178B-4A68-9FFA-DD9E95AEAF6B}.Release|iPhoneSimulator.ActiveCfg = Release|Any CPU
		{C2BFDDE1-178B-4A68-9FFA-DD9E95AEAF6B}.Release|iPhoneSimulator.Build.0 = Release|Any CPU
		{C2BFDDE1-178B-4A68-9FFA-DD9E95AEAF6B}.Release|iPhoneSimulator.Deploy.0 = Release|Any CPU
	EndGlobalSection
	GlobalSection(SolutionProperties) = preSolution
		HideSolutionNode = FALSE
	EndGlobalSection
	GlobalSection(ExtensibilityGlobals) = postSolution
		SolutionGuid = {7DA91D74-F164-4BAE-9CD8-248EA1452C2A}
	EndGlobalSection
EndGlobal
